// !$*UTF8*$!
{
	archiveVersion = 1;
	classes = {
	};
	objectVersion = 55;
	objects = {

/* Begin PBXBuildFile section */
		3D19A7950C1B39C69D7D6914 /* Pods_Images.framework in Frameworks */ = {isa = PBXBuildFile; fileRef = 3A4A143B273E27089432A8F1 /* Pods_Images.framework */; };
		D27558BF284AA0C4007058D4 /* ViewProtocol.swift in Sources */ = {isa = PBXBuildFile; fileRef = D27558BE284AA0C4007058D4 /* ViewProtocol.swift */; };
		D27558C1284AA0D6007058D4 /* PresenterProtocol.swift in Sources */ = {isa = PBXBuildFile; fileRef = D27558C0284AA0D6007058D4 /* PresenterProtocol.swift */; };
		D27558C3284AA14E007058D4 /* NetworkDataFetcher.swift in Sources */ = {isa = PBXBuildFile; fileRef = D27558C2284AA14E007058D4 /* NetworkDataFetcher.swift */; };
		D2943E222825AC88005BC37C /* AppDelegate.swift in Sources */ = {isa = PBXBuildFile; fileRef = D2943E212825AC88005BC37C /* AppDelegate.swift */; };
		D2943E242825AC88005BC37C /* SceneDelegate.swift in Sources */ = {isa = PBXBuildFile; fileRef = D2943E232825AC88005BC37C /* SceneDelegate.swift */; };
		D2943E292825AC88005BC37C /* Main.storyboard in Resources */ = {isa = PBXBuildFile; fileRef = D2943E272825AC88005BC37C /* Main.storyboard */; };
		D2943E2B2825AC8A005BC37C /* Assets.xcassets in Resources */ = {isa = PBXBuildFile; fileRef = D2943E2A2825AC8A005BC37C /* Assets.xcassets */; };
		D2943E2E2825AC8A005BC37C /* LaunchScreen.storyboard in Resources */ = {isa = PBXBuildFile; fileRef = D2943E2C2825AC8A005BC37C /* LaunchScreen.storyboard */; };
		D2D8B101283807D60059EA7F /* SearchResaults.swift in Sources */ = {isa = PBXBuildFile; fileRef = D2D8B100283807D60059EA7F /* SearchResaults.swift */; };
		D2D8B1032838080D0059EA7F /* NetworkService.swift in Sources */ = {isa = PBXBuildFile; fileRef = D2D8B1022838080D0059EA7F /* NetworkService.swift */; };
		D2D8B109283808790059EA7F /* Presenter.swift in Sources */ = {isa = PBXBuildFile; fileRef = D2D8B108283808790059EA7F /* Presenter.swift */; };
/* End PBXBuildFile section */

/* Begin PBXFileReference section */
		265C36F7BF559B35987A0CC9 /* Pods-Images.release.xcconfig */ = {isa = PBXFileReference; includeInIndex = 1; lastKnownFileType = text.xcconfig; name = "Pods-Images.release.xcconfig"; path = "Target Support Files/Pods-Images/Pods-Images.release.xcconfig"; sourceTree = "<group>"; };
		3A4A143B273E27089432A8F1 /* Pods_Images.framework */ = {isa = PBXFileReference; explicitFileType = wrapper.framework; includeInIndex = 0; path = Pods_Images.framework; sourceTree = BUILT_PRODUCTS_DIR; };
		D165BEC883555619CE22C677 /* Pods-Images.debug.xcconfig */ = {isa = PBXFileReference; includeInIndex = 1; lastKnownFileType = text.xcconfig; name = "Pods-Images.debug.xcconfig"; path = "Target Support Files/Pods-Images/Pods-Images.debug.xcconfig"; sourceTree = "<group>"; };
		D27558BE284AA0C4007058D4 /* ViewProtocol.swift */ = {isa = PBXFileReference; lastKnownFileType = sourcecode.swift; path = ViewProtocol.swift; sourceTree = "<group>"; };
		D27558C0284AA0D6007058D4 /* PresenterProtocol.swift */ = {isa = PBXFileReference; lastKnownFileType = sourcecode.swift; path = PresenterProtocol.swift; sourceTree = "<group>"; };
		D27558C2284AA14E007058D4 /* NetworkDataFetcher.swift */ = {isa = PBXFileReference; lastKnownFileType = sourcecode.swift; path = NetworkDataFetcher.swift; sourceTree = "<group>"; };
		D2943E1E2825AC88005BC37C /* Images.app */ = {isa = PBXFileReference; explicitFileType = wrapper.application; includeInIndex = 0; path = Images.app; sourceTree = BUILT_PRODUCTS_DIR; };
		D2943E212825AC88005BC37C /* AppDelegate.swift */ = {isa = PBXFileReference; lastKnownFileType = sourcecode.swift; path = AppDelegate.swift; sourceTree = "<group>"; };
		D2943E232825AC88005BC37C /* SceneDelegate.swift */ = {isa = PBXFileReference; lastKnownFileType = sourcecode.swift; path = SceneDelegate.swift; sourceTree = "<group>"; };
		D2943E282825AC88005BC37C /* Base */ = {isa = PBXFileReference; lastKnownFileType = file.storyboard; name = Base; path = Base.lproj/Main.storyboard; sourceTree = "<group>"; };
		D2943E2A2825AC8A005BC37C /* Assets.xcassets */ = {isa = PBXFileReference; lastKnownFileType = folder.assetcatalog; path = Assets.xcassets; sourceTree = "<group>"; };
		D2943E2D2825AC8A005BC37C /* Base */ = {isa = PBXFileReference; lastKnownFileType = file.storyboard; name = Base; path = Base.lproj/LaunchScreen.storyboard; sourceTree = "<group>"; };
		D2943E2F2825AC8A005BC37C /* Info.plist */ = {isa = PBXFileReference; lastKnownFileType = text.plist.xml; path = Info.plist; sourceTree = "<group>"; };
		D2D8B100283807D60059EA7F /* SearchResaults.swift */ = {isa = PBXFileReference; lastKnownFileType = sourcecode.swift; path = SearchResaults.swift; sourceTree = "<group>"; };
		D2D8B1022838080D0059EA7F /* NetworkService.swift */ = {isa = PBXFileReference; lastKnownFileType = sourcecode.swift; path = NetworkService.swift; sourceTree = "<group>"; };
		D2D8B108283808790059EA7F /* Presenter.swift */ = {isa = PBXFileReference; lastKnownFileType = sourcecode.swift; path = Presenter.swift; sourceTree = "<group>"; };
/* End PBXFileReference section */

/* Begin PBXFrameworksBuildPhase section */
		D2943E1B2825AC88005BC37C /* Frameworks */ = {
			isa = PBXFrameworksBuildPhase;
			buildActionMask = 2147483647;
			files = (
				3D19A7950C1B39C69D7D6914 /* Pods_Images.framework in Frameworks */,
			);
			runOnlyForDeploymentPostprocessing = 0;
		};
/* End PBXFrameworksBuildPhase section */

/* Begin PBXGroup section */
		1916F6912AE10789FF895CCE /* Frameworks */ = {
			isa = PBXGroup;
			children = (
				3A4A143B273E27089432A8F1 /* Pods_Images.framework */,
			);
			name = Frameworks;
			sourceTree = "<group>";
		};
		5921753755009E3903CB69C1 /* Pods */ = {
			isa = PBXGroup;
			children = (
				D165BEC883555619CE22C677 /* Pods-Images.debug.xcconfig */,
				265C36F7BF559B35987A0CC9 /* Pods-Images.release.xcconfig */,
			);
			path = Pods;
			sourceTree = "<group>";
		};
		D27558BD284AA0A4007058D4 /* Delegates */ = {
			isa = PBXGroup;
			children = (
				D27558BE284AA0C4007058D4 /* ViewProtocol.swift */,
				D27558C0284AA0D6007058D4 /* PresenterProtocol.swift */,
			);
			path = Delegates;
			sourceTree = "<group>";
		};
		D2943E152825AC88005BC37C = {
			isa = PBXGroup;
			children = (
				D2943E202825AC88005BC37C /* Images */,
				D2943E1F2825AC88005BC37C /* Products */,
				5921753755009E3903CB69C1 /* Pods */,
				1916F6912AE10789FF895CCE /* Frameworks */,
			);
			sourceTree = "<group>";
		};
		D2943E1F2825AC88005BC37C /* Products */ = {
			isa = PBXGroup;
			children = (
				D2943E1E2825AC88005BC37C /* Images.app */,
			);
			name = Products;
			sourceTree = "<group>";
		};
		D2943E202825AC88005BC37C /* Images */ = {
			isa = PBXGroup;
			children = (
				D2D8B0F8283806EB0059EA7F /* Models */,
				D2D8B0FB283807100059EA7F /* NetworkServises */,
				D27558BD284AA0A4007058D4 /* Delegates */,
				D2D8B0FA283807080059EA7F /* Presenters */,
				D2D8B0F9283806FB0059EA7F /* Views */,
				D2943E212825AC88005BC37C /* AppDelegate.swift */,
				D2943E232825AC88005BC37C /* SceneDelegate.swift */,
				D2943E2A2825AC8A005BC37C /* Assets.xcassets */,
				D2943E2F2825AC8A005BC37C /* Info.plist */,
			);
			path = Images;
			sourceTree = "<group>";
		};
		D2D8B0F8283806EB0059EA7F /* Models */ = {
			isa = PBXGroup;
			children = (
				D2D8B100283807D60059EA7F /* SearchResaults.swift */,
			);
			path = Models;
			sourceTree = "<group>";
		};
		D2D8B0F9283806FB0059EA7F /* Views */ = {
			isa = PBXGroup;
			children = (
				D2D8B0FF283807750059EA7F /* Controllers */,
				D2D8B0FE283807630059EA7F /* Storyboards */,
			);
			path = Views;
			sourceTree = "<group>";
		};
		D2D8B0FA283807080059EA7F /* Presenters */ = {
			isa = PBXGroup;
			children = (
				D2D8B108283808790059EA7F /* Presenter.swift */,
			);
			path = Presenters;
			sourceTree = "<group>";
		};
		D2D8B0FB283807100059EA7F /* NetworkServises */ = {
			isa = PBXGroup;
			children = (
				D2D8B1022838080D0059EA7F /* NetworkService.swift */,
				D27558C2284AA14E007058D4 /* NetworkDataFetcher.swift */,
			);
			path = NetworkServises;
			sourceTree = "<group>";
		};
		D2D8B0FE283807630059EA7F /* Storyboards */ = {
			isa = PBXGroup;
			children = (
				D2943E272825AC88005BC37C /* Main.storyboard */,
				D2943E2C2825AC8A005BC37C /* LaunchScreen.storyboard */,
			);
			path = Storyboards;
			sourceTree = "<group>";
		};
		D2D8B0FF283807750059EA7F /* Controllers */ = {
			isa = PBXGroup;
			children = (
			);
			path = Controllers;
			sourceTree = "<group>";
		};
/* End PBXGroup section */

/* Begin PBXNativeTarget section */
		D2943E1D2825AC88005BC37C /* Images */ = {
			isa = PBXNativeTarget;
			buildConfigurationList = D2943E322825AC8A005BC37C /* Build configuration list for PBXNativeTarget "Images" */;
			buildPhases = (
				C1A9BB853BB84926D4CC7187 /* [CP] Check Pods Manifest.lock */,
				D2943E1A2825AC88005BC37C /* Sources */,
				D2943E1B2825AC88005BC37C /* Frameworks */,
				D2943E1C2825AC88005BC37C /* Resources */,
				1F72B88F6DBA7A6FE510B84C /* [CP] Embed Pods Frameworks */,
			);
			buildRules = (
			);
			dependencies = (
			);
			name = Images;
			productName = Images;
			productReference = D2943E1E2825AC88005BC37C /* Images.app */;
			productType = "com.apple.product-type.application";
		};
/* End PBXNativeTarget section */

/* Begin PBXProject section */
		D2943E162825AC88005BC37C /* Project object */ = {
			isa = PBXProject;
			attributes = {
				BuildIndependentTargetsInParallel = 1;
				LastSwiftUpdateCheck = 1330;
				LastUpgradeCheck = 1330;
				TargetAttributes = {
					D2943E1D2825AC88005BC37C = {
						CreatedOnToolsVersion = 13.3.1;
					};
				};
			};
			buildConfigurationList = D2943E192825AC88005BC37C /* Build configuration list for PBXProject "Images" */;
			compatibilityVersion = "Xcode 13.0";
			developmentRegion = en;
			hasScannedForEncodings = 0;
			knownRegions = (
				en,
				Base,
			);
			mainGroup = D2943E152825AC88005BC37C;
			productRefGroup = D2943E1F2825AC88005BC37C /* Products */;
			projectDirPath = "";
			projectRoot = "";
			targets = (
				D2943E1D2825AC88005BC37C /* Images */,
			);
		};
/* End PBXProject section */

/* Begin PBXResourcesBuildPhase section */
		D2943E1C2825AC88005BC37C /* Resources */ = {
			isa = PBXResourcesBuildPhase;
			buildActionMask = 2147483647;
			files = (
				D2943E2E2825AC8A005BC37C /* LaunchScreen.storyboard in Resources */,
				D2943E2B2825AC8A005BC37C /* Assets.xcassets in Resources */,
				D2943E292825AC88005BC37C /* Main.storyboard in Resources */,
			);
			runOnlyForDeploymentPostprocessing = 0;
		};
/* End PBXResourcesBuildPhase section */

/* Begin PBXShellScriptBuildPhase section */
		1F72B88F6DBA7A6FE510B84C /* [CP] Embed Pods Frameworks */ = {
			isa = PBXShellScriptBuildPhase;
			buildActionMask = 2147483647;
			files = (
			);
			inputFileListPaths = (
				"${PODS_ROOT}/Target Support Files/Pods-Images/Pods-Images-frameworks-${CONFIGURATION}-input-files.xcfilelist",
			);
			name = "[CP] Embed Pods Frameworks";
			outputFileListPaths = (
				"${PODS_ROOT}/Target Support Files/Pods-Images/Pods-Images-frameworks-${CONFIGURATION}-output-files.xcfilelist",
			);
			runOnlyForDeploymentPostprocessing = 0;
			shellPath = /bin/sh;
			shellScript = "\"${PODS_ROOT}/Target Support Files/Pods-Images/Pods-Images-frameworks.sh\"\n";
			showEnvVarsInLog = 0;
		};
		C1A9BB853BB84926D4CC7187 /* [CP] Check Pods Manifest.lock */ = {
			isa = PBXShellScriptBuildPhase;
			buildActionMask = 2147483647;
			files = (
			);
			inputFileListPaths = (
			);
			inputPaths = (
				"${PODS_PODFILE_DIR_PATH}/Podfile.lock",
				"${PODS_ROOT}/Manifest.lock",
			);
			name = "[CP] Check Pods Manifest.lock";
			outputFileListPaths = (
			);
			outputPaths = (
				"$(DERIVED_FILE_DIR)/Pods-Images-checkManifestLockResult.txt",
			);
			runOnlyForDeploymentPostprocessing = 0;
			shellPath = /bin/sh;
			shellScript = "diff \"${PODS_PODFILE_DIR_PATH}/Podfile.lock\" \"${PODS_ROOT}/Manifest.lock\" > /dev/null\nif [ $? != 0 ] ; then\n    # print error to STDERR\n    echo \"error: The sandbox is not in sync with the Podfile.lock. Run 'pod install' or update your CocoaPods installation.\" >&2\n    exit 1\nfi\n# This output is used by Xcode 'outputs' to avoid re-running this script phase.\necho \"SUCCESS\" > \"${SCRIPT_OUTPUT_FILE_0}\"\n";
			showEnvVarsInLog = 0;
		};
/* End PBXShellScriptBuildPhase section */

/* Begin PBXSourcesBuildPhase section */
		D2943E1A2825AC88005BC37C /* Sources */ = {
			isa = PBXSourcesBuildPhase;
			buildActionMask = 2147483647;
			files = (
				D27558C3284AA14E007058D4 /* NetworkDataFetcher.swift in Sources */,
				D2D8B109283808790059EA7F /* Presenter.swift in Sources */,
				D2D8B101283807D60059EA7F /* SearchResaults.swift in Sources */,
				D2943E222825AC88005BC37C /* AppDelegate.swift in Sources */,
				D2943E242825AC88005BC37C /* SceneDelegate.swift in Sources */,
				D27558BF284AA0C4007058D4 /* ViewProtocol.swift in Sources */,
				D2D8B1032838080D0059EA7F /* NetworkService.swift in Sources */,
				D27558C1284AA0D6007058D4 /* PresenterProtocol.swift in Sources */,
			);
			runOnlyForDeploymentPostprocessing = 0;
		};
/* End PBXSourcesBuildPhase section */

/* Begin PBXVariantGroup section */
		D2943E272825AC88005BC37C /* Main.storyboard */ = {
			isa = PBXVariantGroup;
			children = (
				D2943E282825AC88005BC37C /* Base */,
			);
			name = Main.storyboard;
			sourceTree = "<group>";
		};
		D2943E2C2825AC8A005BC37C /* LaunchScreen.storyboard */ = {
			isa = PBXVariantGroup;
			children = (
				D2943E2D2825AC8A005BC37C /* Base */,
			);
			name = LaunchScreen.storyboard;
			sourceTree = "<group>";
		};
/* End PBXVariantGroup section */

/* Begin XCBuildConfiguration section */
		D2943E302825AC8A005BC37C /* Debug */ = {
			isa = XCBuildConfiguration;
			buildSettings = {
				ALWAYS_SEARCH_USER_PATHS = NO;
				CLANG_ANALYZER_NONNULL = YES;
				CLANG_ANALYZER_NUMBER_OBJECT_CONVERSION = YES_AGGRESSIVE;
				CLANG_CXX_LANGUAGE_STANDARD = "gnu++17";
				CLANG_ENABLE_MODULES = YES;
				CLANG_ENABLE_OBJC_ARC = YES;
				CLANG_ENABLE_OBJC_WEAK = YES;
				CLANG_WARN_BLOCK_CAPTURE_AUTORELEASING = YES;
				CLANG_WARN_BOOL_CONVERSION = YES;
				CLANG_WARN_COMMA = YES;
				CLANG_WARN_CONSTANT_CONVERSION = YES;
				CLANG_WARN_DEPRECATED_OBJC_IMPLEMENTATIONS = YES;
				CLANG_WARN_DIRECT_OBJC_ISA_USAGE = YES_ERROR;
				CLANG_WARN_DOCUMENTATION_COMMENTS = YES;
				CLANG_WARN_EMPTY_BODY = YES;
				CLANG_WARN_ENUM_CONVERSION = YES;
				CLANG_WARN_INFINITE_RECURSION = YES;
				CLANG_WARN_INT_CONVERSION = YES;
				CLANG_WARN_NON_LITERAL_NULL_CONVERSION = YES;
				CLANG_WARN_OBJC_IMPLICIT_RETAIN_SELF = YES;
				CLANG_WARN_OBJC_LITERAL_CONVERSION = YES;
				CLANG_WARN_OBJC_ROOT_CLASS = YES_ERROR;
				CLANG_WARN_QUOTED_INCLUDE_IN_FRAMEWORK_HEADER = YES;
				CLANG_WARN_RANGE_LOOP_ANALYSIS = YES;
				CLANG_WARN_STRICT_PROTOTYPES = YES;
				CLANG_WARN_SUSPICIOUS_MOVE = YES;
				CLANG_WARN_UNGUARDED_AVAILABILITY = YES_AGGRESSIVE;
				CLANG_WARN_UNREACHABLE_CODE = YES;
				CLANG_WARN__DUPLICATE_METHOD_MATCH = YES;
				COPY_PHASE_STRIP = NO;
				DEBUG_INFORMATION_FORMAT = dwarf;
				ENABLE_STRICT_OBJC_MSGSEND = YES;
				ENABLE_TESTABILITY = YES;
				GCC_C_LANGUAGE_STANDARD = gnu11;
				GCC_DYNAMIC_NO_PIC = NO;
				GCC_NO_COMMON_BLOCKS = YES;
				GCC_OPTIMIZATION_LEVEL = 0;
				GCC_PREPROCESSOR_DEFINITIONS = (
					"DEBUG=1",
					"$(inherited)",
				);
				GCC_WARN_64_TO_32_BIT_CONVERSION = YES;
				GCC_WARN_ABOUT_RETURN_TYPE = YES_ERROR;
				GCC_WARN_UNDECLARED_SELECTOR = YES;
				GCC_WARN_UNINITIALIZED_AUTOS = YES_AGGRESSIVE;
				GCC_WARN_UNUSED_FUNCTION = YES;
				GCC_WARN_UNUSED_VARIABLE = YES;
				IPHONEOS_DEPLOYMENT_TARGET = 15.4;
				MTL_ENABLE_DEBUG_INFO = INCLUDE_SOURCE;
				MTL_FAST_MATH = YES;
				ONLY_ACTIVE_ARCH = YES;
				SDKROOT = iphoneos;
				SWIFT_ACTIVE_COMPILATION_CONDITIONS = DEBUG;
				SWIFT_OPTIMIZATION_LEVEL = "-Onone";
			};
			name = Debug;
		};
		D2943E312825AC8A005BC37C /* Release */ = {
			isa = XCBuildConfiguration;
			buildSettings = {
				ALWAYS_SEARCH_USER_PATHS = NO;
				CLANG_ANALYZER_NONNULL = YES;
				CLANG_ANALYZER_NUMBER_OBJECT_CONVERSION = YES_AGGRESSIVE;
				CLANG_CXX_LANGUAGE_STANDARD = "gnu++17";
				CLANG_ENABLE_MODULES = YES;
				CLANG_ENABLE_OBJC_ARC = YES;
				CLANG_ENABLE_OBJC_WEAK = YES;
				CLANG_WARN_BLOCK_CAPTURE_AUTORELEASING = YES;
				CLANG_WARN_BOOL_CONVERSION = YES;
				CLANG_WARN_COMMA = YES;
				CLANG_WARN_CONSTANT_CONVERSION = YES;
				CLANG_WARN_DEPRECATED_OBJC_IMPLEMENTATIONS = YES;
				CLANG_WARN_DIRECT_OBJC_ISA_USAGE = YES_ERROR;
				CLANG_WARN_DOCUMENTATION_COMMENTS = YES;
				CLANG_WARN_EMPTY_BODY = YES;
				CLANG_WARN_ENUM_CONVERSION = YES;
				CLANG_WARN_INFINITE_RECURSION = YES;
				CLANG_WARN_INT_CONVERSION = YES;
				CLANG_WARN_NON_LITERAL_NULL_CONVERSION = YES;
				CLANG_WARN_OBJC_IMPLICIT_RETAIN_SELF = YES;
				CLANG_WARN_OBJC_LITERAL_CONVERSION = YES;
				CLANG_WARN_OBJC_ROOT_CLASS = YES_ERROR;
				CLANG_WARN_QUOTED_INCLUDE_IN_FRAMEWORK_HEADER = YES;
				CLANG_WARN_RANGE_LOOP_ANALYSIS = YES;
				CLANG_WARN_STRICT_PROTOTYPES = YES;
				CLANG_WARN_SUSPICIOUS_MOVE = YES;
				CLANG_WARN_UNGUARDED_AVAILABILITY = YES_AGGRESSIVE;
				CLANG_WARN_UNREACHABLE_CODE = YES;
				CLANG_WARN__DUPLICATE_METHOD_MATCH = YES;
				COPY_PHASE_STRIP = NO;
				DEBUG_INFORMATION_FORMAT = "dwarf-with-dsym";
				ENABLE_NS_ASSERTIONS = NO;
				ENABLE_STRICT_OBJC_MSGSEND = YES;
				GCC_C_LANGUAGE_STANDARD = gnu11;
				GCC_NO_COMMON_BLOCKS = YES;
				GCC_WARN_64_TO_32_BIT_CONVERSION = YES;
				GCC_WARN_ABOUT_RETURN_TYPE = YES_ERROR;
				GCC_WARN_UNDECLARED_SELECTOR = YES;
				GCC_WARN_UNINITIALIZED_AUTOS = YES_AGGRESSIVE;
				GCC_WARN_UNUSED_FUNCTION = YES;
				GCC_WARN_UNUSED_VARIABLE = YES;
				IPHONEOS_DEPLOYMENT_TARGET = 15.4;
				MTL_ENABLE_DEBUG_INFO = NO;
				MTL_FAST_MATH = YES;
				SDKROOT = iphoneos;
				SWIFT_COMPILATION_MODE = wholemodule;
				SWIFT_OPTIMIZATION_LEVEL = "-O";
				VALIDATE_PRODUCT = YES;
			};
			name = Release;
		};
		D2943E332825AC8A005BC37C /* Debug */ = {
			isa = XCBuildConfiguration;
			baseConfigurationReference = D165BEC883555619CE22C677 /* Pods-Images.debug.xcconfig */;
			buildSettings = {
				ASSETCATALOG_COMPILER_APPICON_NAME = AppIcon;
				ASSETCATALOG_COMPILER_GLOBAL_ACCENT_COLOR_NAME = AccentColor;
				CODE_SIGN_STYLE = Automatic;
				CURRENT_PROJECT_VERSION = 1;
				DEVELOPMENT_TEAM = 5LHGRXAPD4;
				GENERATE_INFOPLIST_FILE = YES;
				INFOPLIST_FILE = Images/Info.plist;
				INFOPLIST_KEY_UIApplicationSupportsIndirectInputEvents = YES;
				INFOPLIST_KEY_UILaunchStoryboardName = LaunchScreen;
				INFOPLIST_KEY_UIMainStoryboardFile = Main;
				INFOPLIST_KEY_UISupportedInterfaceOrientations_iPad = "UIInterfaceOrientationPortrait UIInterfaceOrientationPortraitUpsideDown UIInterfaceOrientationLandscapeLeft UIInterfaceOrientationLandscapeRight";
				INFOPLIST_KEY_UISupportedInterfaceOrientations_iPhone = "UIInterfaceOrientationPortrait UIInterfaceOrientationLandscapeLeft UIInterfaceOrientationLandscapeRight";
				LD_RUNPATH_SEARCH_PATHS = (
					"$(inherited)",
					"@executable_path/Frameworks",
				);
				MARKETING_VERSION = 1.0;
				PRODUCT_BUNDLE_IDENTIFIER = "i-am.Images";
				PRODUCT_NAME = "$(TARGET_NAME)";
				SWIFT_EMIT_LOC_STRINGS = YES;
				SWIFT_VERSION = 5.0;
				TARGETED_DEVICE_FAMILY = "1,2";
			};
			name = Debug;
		};
		D2943E342825AC8A005BC37C /* Release */ = {
			isa = XCBuildConfiguration;
			baseConfigurationReference = 265C36F7BF559B35987A0CC9 /* Pods-Images.release.xcconfig */;
			buildSettings = {
				ASSETCATALOG_COMPILER_APPICON_NAME = AppIcon;
				ASSETCATALOG_COMPILER_GLOBAL_ACCENT_COLOR_NAME = AccentColor;
				CODE_SIGN_STYLE = Automatic;
				CURRENT_PROJECT_VERSION = 1;
				DEVELOPMENT_TEAM = 5LHGRXAPD4;
				GENERATE_INFOPLIST_FILE = YES;
				INFOPLIST_FILE = Images/Info.plist;
				INFOPLIST_KEY_UIApplicationSupportsIndirectInputEvents = YES;
				INFOPLIST_KEY_UILaunchStoryboardName = LaunchScreen;
				INFOPLIST_KEY_UIMainStoryboardFile = Main;
				INFOPLIST_KEY_UISupportedInterfaceOrientations_iPad = "UIInterfaceOrientationPortrait UIInterfaceOrientationPortraitUpsideDown UIInterfaceOrientationLandscapeLeft UIInterfaceOrientationLandscapeRight";
				INFOPLIST_KEY_UISupportedInterfaceOrientations_iPhone = "UIInterfaceOrientationPortrait UIInterfaceOrientationLandscapeLeft UIInterfaceOrientationLandscapeRight";
				LD_RUNPATH_SEARCH_PATHS = (
					"$(inherited)",
					"@executable_path/Frameworks",
				);
				MARKETING_VERSION = 1.0;
				PRODUCT_BUNDLE_IDENTIFIER = "i-am.Images";
				PRODUCT_NAME = "$(TARGET_NAME)";
				SWIFT_EMIT_LOC_STRINGS = YES;
				SWIFT_VERSION = 5.0;
				TARGETED_DEVICE_FAMILY = "1,2";
			};
			name = Release;
		};
/* End XCBuildConfiguration section */

/* Begin XCConfigurationList section */
		D2943E192825AC88005BC37C /* Build configuration list for PBXProject "Images" */ = {
			isa = XCConfigurationList;
			buildConfigurations = (
				D2943E302825AC8A005BC37C /* Debug */,
				D2943E312825AC8A005BC37C /* Release */,
			);
			defaultConfigurationIsVisible = 0;
			defaultConfigurationName = Release;
		};
		D2943E322825AC8A005BC37C /* Build configuration list for PBXNativeTarget "Images" */ = {
			isa = XCConfigurationList;
			buildConfigurations = (
				D2943E332825AC8A005BC37C /* Debug */,
				D2943E342825AC8A005BC37C /* Release */,
			);
			defaultConfigurationIsVisible = 0;
			defaultConfigurationName = Release;
		};
/* End XCConfigurationList section */
	};
	rootObject = D2943E162825AC88005BC37C /* Project object */;
}
